
Microsoft Visual Studio Solution File, Format Version 12.00
# Visual Studio Version 16
VisualStudioVersion = 16.0.31205.134
MinimumVisualStudioVersion = 10.0.40219.1
Project("{FAE04EC0-301F-11D3-BF4B-00C04F79EFBC}") = "HomeAccounting_Client", "HomeAccounting_Client\HomeAccounting_Client.csproj", "{924CA9B0-F4F3-4475-B2E4-BCEDBF4F82AF}"
EndProject
Global
	GlobalSection(SolutionConfigurationPlatforms) = preSolution
		Debug|Any CPU = Debug|Any CPU
		Release|Any CPU = Release|Any CPU
	EndGlobalSection
	GlobalSection(ProjectConfigurationPlatforms) = postSolution
		{924CA9B0-F4F3-4475-B2E4-BCEDBF4F82AF}.Debug|Any CPU.ActiveCfg = Debug|Any CPU
		{924CA9B0-F4F3-4475-B2E4-BCEDBF4F82AF}.Debug|Any CPU.Build.0 = Debug|Any CPU
		{924CA9B0-F4F3-4475-B2E4-BCEDBF4F82AF}.Release|Any CPU.ActiveCfg = Release|Any CPU
		{924CA9B0-F4F3-4475-B2E4-BCEDBF4F82AF}.Release|Any CPU.Build.0 = Release|Any CPU
	EndGlobalSection
	GlobalSection(SolutionProperties) = preSolution
		HideSolutionNode = FALSE
	EndGlobalSection
	GlobalSection(ExtensibilityGlobals) = postSolution
		SolutionGuid = {441C2DA6-4143-40B1-8AAB-589D48B837C5}
	EndGlobalSection
EndGlobal
